
Microsoft Visual Studio Solution File, Format Version 12.00
# Visual Studio Version 17
VisualStudioVersion = 17.9.34728.123
MinimumVisualStudioVersion = 10.0.40219.1
Project("{FAE04EC0-301F-11D3-BF4B-00C04F79EFBC}") = "ServerApp", "ServerApp\ServerApp.csproj", "{1AC9E7B2-8E31-47BD-BD28-E7102921004D}"
EndProject
Project("{FAE04EC0-301F-11D3-BF4B-00C04F79EFBC}") = "ClientApp", "ClientApp\ClientApp.csproj", "{BAAC2F12-B671-45BF-9138-139ABF2AF7DD}"
EndProject
Global
	GlobalSection(SolutionConfigurationPlatforms) = preSolution
		Debug|Any CPU = Debug|Any CPU
		Release|Any CPU = Release|Any CPU
	EndGlobalSection
	GlobalSection(ProjectConfigurationPlatforms) = postSolution
		{1AC9E7B2-8E31-47BD-BD28-E7102921004D}.Debug|Any CPU.ActiveCfg = Debug|Any CPU
		{1AC9E7B2-8E31-47BD-BD28-E7102921004D}.Debug|Any CPU.Build.0 = Debug|Any CPU
		{1AC9E7B2-8E31-47BD-BD28-E7102921004D}.Release|Any CPU.ActiveCfg = Release|Any CPU
		{1AC9E7B2-8E31-47BD-BD28-E7102921004D}.Release|Any CPU.Build.0 = Release|Any CPU
		{BAAC2F12-B671-45BF-9138-139ABF2AF7DD}.Debug|Any CPU.ActiveCfg = Debug|Any CPU
		{BAAC2F12-B671-45BF-9138-139ABF2AF7DD}.Debug|Any CPU.Build.0 = Debug|Any CPU
		{BAAC2F12-B671-45BF-9138-139ABF2AF7DD}.Release|Any CPU.ActiveCfg = Release|Any CPU
		{BAAC2F12-B671-45BF-9138-139ABF2AF7DD}.Release|Any CPU.Build.0 = Release|Any CPU
	EndGlobalSection
	GlobalSection(SolutionProperties) = preSolution
		HideSolutionNode = FALSE
	EndGlobalSection
	GlobalSection(ExtensibilityGlobals) = postSolution
		SolutionGuid = {DEB836D5-79B2-40DA-B87C-85B5B4143A69}
	EndGlobalSection
EndGlobal
